
Microsoft Visual Studio Solution File, Format Version 12.00
# Visual Studio Version 17
VisualStudioVersion = 17.1.32328.378
MinimumVisualStudioVersion = 10.0.40219.1
Project("{FAE04EC0-301F-11D3-BF4B-00C04F79EFBC}") = "PanoramicData.Encryption", "PanoramicData.EncryptionService\PanoramicData.Encryption.csproj", "{8CFE6BDA-415C-41BE-A918-DB1D6822E02E}"
EndProject
Project("{FAE04EC0-301F-11D3-BF4B-00C04F79EFBC}") = "PanoramicData.Encryption.Test", "PanoramicData.EncryptionService.Test\PanoramicData.Encryption.Test.csproj", "{28546C44-81DA-4F4C-987B-C4847669CD13}"
EndProject
Project("{2150E333-8FDC-42A3-9474-1A3956D46DE8}") = "Solution Items", "Solution Items", "{F9EC7370-F2EB-4843-B980-F4D065EE3AED}"
EndProject
Global
	GlobalSection(SolutionConfigurationPlatforms) = preSolution
		Debug|Any CPU = Debug|Any CPU
		Release|Any CPU = Release|Any CPU
	EndGlobalSection
	GlobalSection(ProjectConfigurationPlatforms) = postSolution
		{8CFE6BDA-415C-41BE-A918-DB1D6822E02E}.Debug|Any CPU.ActiveCfg = Debug|Any CPU
		{8CFE6BDA-415C-41BE-A918-DB1D6822E02E}.Debug|Any CPU.Build.0 = Debug|Any CPU
		{8CFE6BDA-415C-41BE-A918-DB1D6822E02E}.Release|Any CPU.ActiveCfg = Release|Any CPU
		{8CFE6BDA-415C-41BE-A918-DB1D6822E02E}.Release|Any CPU.Build.0 = Release|Any CPU
		{28546C44-81DA-4F4C-987B-C4847669CD13}.Debug|Any CPU.ActiveCfg = Debug|Any CPU
		{28546C44-81DA-4F4C-987B-C4847669CD13}.Debug|Any CPU.Build.0 = Debug|Any CPU
		{28546C44-81DA-4F4C-987B-C4847669CD13}.Release|Any CPU.ActiveCfg = Release|Any CPU
		{28546C44-81DA-4F4C-987B-C4847669CD13}.Release|Any CPU.Build.0 = Release|Any CPU
	EndGlobalSection
	GlobalSection(SolutionProperties) = preSolution
		HideSolutionNode = FALSE
	EndGlobalSection
	GlobalSection(ExtensibilityGlobals) = postSolution
		SolutionGuid = {1C5740F2-01E6-4900-AE51-B95A9DEAA635}
	EndGlobalSection
EndGlobal
